
Microsoft Visual Studio Solution File, Format Version 12.00
# Visual Studio 15
VisualStudioVersion = 15.0.27130.2003
MinimumVisualStudioVersion = 10.0.40219.1
Project("{F184B08F-C81C-45F6-A57F-5ABD9991F28F}") = "pizza", "pizza\pizza.vbproj", "{6B90DA0D-B172-42D4-9F44-242828FFFFA7}"
EndProject
Global
	GlobalSection(SolutionConfigurationPlatforms) = preSolution
		Debug|Any CPU = Debug|Any CPU
		Release|Any CPU = Release|Any CPU
	EndGlobalSection
	GlobalSection(ProjectConfigurationPlatforms) = postSolution
		{6B90DA0D-B172-42D4-9F44-242828FFFFA7}.Debug|Any CPU.ActiveCfg = Debug|Any CPU
		{6B90DA0D-B172-42D4-9F44-242828FFFFA7}.Debug|Any CPU.Build.0 = Debug|Any CPU
		{6B90DA0D-B172-42D4-9F44-242828FFFFA7}.Release|Any CPU.ActiveCfg = Release|Any CPU
		{6B90DA0D-B172-42D4-9F44-242828FFFFA7}.Release|Any CPU.Build.0 = Release|Any CPU
	EndGlobalSection
	GlobalSection(SolutionProperties) = preSolution
		HideSolutionNode = FALSE
	EndGlobalSection
	GlobalSection(ExtensibilityGlobals) = postSolution
		SolutionGuid = {51AAE761-2920-497F-B776-5C5A9082F9DB}
	EndGlobalSection
EndGlobal
